
Microsoft Visual Studio Solution File, Format Version 12.00
# Visual Studio Version 16
VisualStudioVersion = 16.0.31829.152
MinimumVisualStudioVersion = 10.0.40219.1
Project("{FAE04EC0-301F-11D3-BF4B-00C04F79EFBC}") = "OOPAndFiles", "OOPAndFiles.csproj", "{21D8A6F2-0D13-4671-ADEF-0BFE936B6757}"
EndProject
Project("{FAE04EC0-301F-11D3-BF4B-00C04F79EFBC}") = "Frozen", "..\Frozen\Frozen.csproj", "{B4933984-2739-404E-ACEC-B6910C015145}"
EndProject
Global
	GlobalSection(SolutionConfigurationPlatforms) = preSolution
		Debug|Any CPU = Debug|Any CPU
		Release|Any CPU = Release|Any CPU
	EndGlobalSection
	GlobalSection(ProjectConfigurationPlatforms) = postSolution
		{21D8A6F2-0D13-4671-ADEF-0BFE936B6757}.Debug|Any CPU.ActiveCfg = Debug|Any CPU
		{21D8A6F2-0D13-4671-ADEF-0BFE936B6757}.Debug|Any CPU.Build.0 = Debug|Any CPU
		{21D8A6F2-0D13-4671-ADEF-0BFE936B6757}.Release|Any CPU.ActiveCfg = Release|Any CPU
		{21D8A6F2-0D13-4671-ADEF-0BFE936B6757}.Release|Any CPU.Build.0 = Release|Any CPU
		{B4933984-2739-404E-ACEC-B6910C015145}.Debug|Any CPU.ActiveCfg = Debug|Any CPU
		{B4933984-2739-404E-ACEC-B6910C015145}.Debug|Any CPU.Build.0 = Debug|Any CPU
		{B4933984-2739-404E-ACEC-B6910C015145}.Release|Any CPU.ActiveCfg = Release|Any CPU
		{B4933984-2739-404E-ACEC-B6910C015145}.Release|Any CPU.Build.0 = Release|Any CPU
	EndGlobalSection
	GlobalSection(SolutionProperties) = preSolution
		HideSolutionNode = FALSE
	EndGlobalSection
	GlobalSection(ExtensibilityGlobals) = postSolution
		SolutionGuid = {CEBDD643-0BD8-4BA5-B748-CB96F83F7225}
	EndGlobalSection
EndGlobal
